
Microsoft Visual Studio Solution File, Format Version 12.00
# Visual Studio Version 17
VisualStudioVersion = 17.3.32922.545
MinimumVisualStudioVersion = 10.0.40219.1
Project("{FAE04EC0-301F-11D3-BF4B-00C04F79EFBC}") = "TrexGame", "TrexGame\TrexGame.csproj", "{2E49594D-6141-4384-8840-6FC865F48447}"
EndProject
Global
	GlobalSection(SolutionConfigurationPlatforms) = preSolution
		Debug|Any CPU = Debug|Any CPU
		Release|Any CPU = Release|Any CPU
	EndGlobalSection
	GlobalSection(ProjectConfigurationPlatforms) = postSolution
		{2E49594D-6141-4384-8840-6FC865F48447}.Debug|Any CPU.ActiveCfg = Debug|Any CPU
		{2E49594D-6141-4384-8840-6FC865F48447}.Debug|Any CPU.Build.0 = Debug|Any CPU
		{2E49594D-6141-4384-8840-6FC865F48447}.Release|Any CPU.ActiveCfg = Release|Any CPU
		{2E49594D-6141-4384-8840-6FC865F48447}.Release|Any CPU.Build.0 = Release|Any CPU
	EndGlobalSection
	GlobalSection(SolutionProperties) = preSolution
		HideSolutionNode = FALSE
	EndGlobalSection
	GlobalSection(ExtensibilityGlobals) = postSolution
		SolutionGuid = {7B363A87-570F-44E4-BA0C-82D7BA1DBA50}
	EndGlobalSection
EndGlobal
